// !$*UTF8*$!
{
	archiveVersion = 1;
	classes = {
	};
	objectVersion = 46;
	objects = {

/* Begin PBXBuildFile section */
		397109F490763C6258AFF231 /* Pods_App_intro_webService.framework in Frameworks */ = {isa = PBXBuildFile; fileRef = A6496CBC9376F05210F54D92 /* Pods_App_intro_webService.framework */; };
		8BF09F361E64B7FF00A766B6 /* AppDelegate.swift in Sources */ = {isa = PBXBuildFile; fileRef = 8BF09F351E64B7FF00A766B6 /* AppDelegate.swift */; };
		8BF09F3B1E64B7FF00A766B6 /* Main.storyboard in Resources */ = {isa = PBXBuildFile; fileRef = 8BF09F391E64B7FF00A766B6 /* Main.storyboard */; };
		8BF09F3D1E64B7FF00A766B6 /* Assets.xcassets in Resources */ = {isa = PBXBuildFile; fileRef = 8BF09F3C1E64B7FF00A766B6 /* Assets.xcassets */; };
		8BF09F401E64B7FF00A766B6 /* LaunchScreen.storyboard in Resources */ = {isa = PBXBuildFile; fileRef = 8BF09F3E1E64B7FF00A766B6 /* LaunchScreen.storyboard */; };
		8BF09F481E64B91E00A766B6 /* PrimerWebServiceTableViewController.swift in Sources */ = {isa = PBXBuildFile; fileRef = 8BF09F471E64B91E00A766B6 /* PrimerWebServiceTableViewController.swift */; };
		8BF09F4A1E64B96C00A766B6 /* WSPostModel.swift in Sources */ = {isa = PBXBuildFile; fileRef = 8BF09F491E64B96C00A766B6 /* WSPostModel.swift */; };
		8BF09F4C1E64BA8300A766B6 /* API_UTILS.swift in Sources */ = {isa = PBXBuildFile; fileRef = 8BF09F4B1E64BA8300A766B6 /* API_UTILS.swift */; };
		8BF09F4E1E64BFE200A766B6 /* Podfile in Resources */ = {isa = PBXBuildFile; fileRef = 8BF09F4D1E64BFE200A766B6 /* Podfile */; };
		8BF09F501E64C8DA00A766B6 /* SwiftyJSON.framework in Frameworks */ = {isa = PBXBuildFile; fileRef = 8BF09F4F1E64C8DA00A766B6 /* SwiftyJSON.framework */; };
		8BF09F541E64C92F00A766B6 /* WSParserDataUno.swift in Sources */ = {isa = PBXBuildFile; fileRef = 8BF09F531E64C92F00A766B6 /* WSParserDataUno.swift */; };
/* End PBXBuildFile section */

/* Begin PBXFileReference section */
		58D3FDD9D60AE9D0CE91CCA4 /* Pods-App_intro_webService.release.xcconfig */ = {isa = PBXFileReference; includeInIndex = 1; lastKnownFileType = text.xcconfig; name = "Pods-App_intro_webService.release.xcconfig"; path = "Pods/Target Support Files/Pods-App_intro_webService/Pods-App_intro_webService.release.xcconfig"; sourceTree = "<group>"; };
		8BF09F321E64B7FF00A766B6 /* App_intro_webService.app */ = {isa = PBXFileReference; explicitFileType = wrapper.application; includeInIndex = 0; path = App_intro_webService.app; sourceTree = BUILT_PRODUCTS_DIR; };
		8BF09F351E64B7FF00A766B6 /* AppDelegate.swift */ = {isa = PBXFileReference; lastKnownFileType = sourcecode.swift; path = AppDelegate.swift; sourceTree = "<group>"; };
		8BF09F3A1E64B7FF00A766B6 /* Base */ = {isa = PBXFileReference; lastKnownFileType = file.storyboard; name = Base; path = Base.lproj/Main.storyboard; sourceTree = "<group>"; };
		8BF09F3C1E64B7FF00A766B6 /* Assets.xcassets */ = {isa = PBXFileReference; lastKnownFileType = folder.assetcatalog; path = Assets.xcassets; sourceTree = "<group>"; };
		8BF09F3F1E64B7FF00A766B6 /* Base */ = {isa = PBXFileReference; lastKnownFileType = file.storyboard; name = Base; path = Base.lproj/LaunchScreen.storyboard; sourceTree = "<group>"; };
		8BF09F411E64B7FF00A766B6 /* Info.plist */ = {isa = PBXFileReference; lastKnownFileType = text.plist.xml; path = Info.plist; sourceTree = "<group>"; };
		8BF09F471E64B91E00A766B6 /* PrimerWebServiceTableViewController.swift */ = {isa = PBXFileReference; fileEncoding = 4; lastKnownFileType = sourcecode.swift; path = PrimerWebServiceTableViewController.swift; sourceTree = "<group>"; };
		8BF09F491E64B96C00A766B6 /* WSPostModel.swift */ = {isa = PBXFileReference; fileEncoding = 4; lastKnownFileType = sourcecode.swift; path = WSPostModel.swift; sourceTree = "<group>"; };
		8BF09F4B1E64BA8300A766B6 /* API_UTILS.swift */ = {isa = PBXFileReference; fileEncoding = 4; lastKnownFileType = sourcecode.swift; path = API_UTILS.swift; sourceTree = "<group>"; };
		8BF09F4D1E64BFE200A766B6 /* Podfile */ = {isa = PBXFileReference; fileEncoding = 4; lastKnownFileType = text; path = Podfile; sourceTree = "<group>"; xcLanguageSpecificationIdentifier = xcode.lang.ruby; };
		8BF09F4F1E64C8DA00A766B6 /* SwiftyJSON.framework */ = {isa = PBXFileReference; lastKnownFileType = wrapper.framework; name = SwiftyJSON.framework; path = "../../../../../../../Users/cice/Library/Developer/Xcode/DerivedData/App_intro_webService-bhqphjvolcvmizbbjxmfigfoigxv/Build/Products/Debug-iphonesimulator/SwiftyJSON/SwiftyJSON.framework"; sourceTree = "<group>"; };
		8BF09F531E64C92F00A766B6 /* WSParserDataUno.swift */ = {isa = PBXFileReference; fileEncoding = 4; lastKnownFileType = sourcecode.swift; path = WSParserDataUno.swift; sourceTree = "<group>"; };
		A6496CBC9376F05210F54D92 /* Pods_App_intro_webService.framework */ = {isa = PBXFileReference; explicitFileType = wrapper.framework; includeInIndex = 0; path = Pods_App_intro_webService.framework; sourceTree = BUILT_PRODUCTS_DIR; };
		C7BF535D5BB21854ABC200EF /* Pods-App_intro_webService.debug.xcconfig */ = {isa = PBXFileReference; includeInIndex = 1; lastKnownFileType = text.xcconfig; name = "Pods-App_intro_webService.debug.xcconfig"; path = "Pods/Target Support Files/Pods-App_intro_webService/Pods-App_intro_webService.debug.xcconfig"; sourceTree = "<group>"; };
/* End PBXFileReference section */

/* Begin PBXFrameworksBuildPhase section */
		8BF09F2F1E64B7FF00A766B6 /* Frameworks */ = {
			isa = PBXFrameworksBuildPhase;
			buildActionMask = 2147483647;
			files = (
				8BF09F501E64C8DA00A766B6 /* SwiftyJSON.framework in Frameworks */,
				397109F490763C6258AFF231 /* Pods_App_intro_webService.framework in Frameworks */,
			);
			runOnlyForDeploymentPostprocessing = 0;
		};
/* End PBXFrameworksBuildPhase section */

/* Begin PBXGroup section */
		76CEC8330291F8AFE3B8FEFB /* Pods */ = {
			isa = PBXGroup;
			children = (
				C7BF535D5BB21854ABC200EF /* Pods-App_intro_webService.debug.xcconfig */,
				58D3FDD9D60AE9D0CE91CCA4 /* Pods-App_intro_webService.release.xcconfig */,
			);
			name = Pods;
			sourceTree = "<group>";
		};
		8BF09F291E64B7FF00A766B6 = {
			isa = PBXGroup;
			children = (
				8BF09F4D1E64BFE200A766B6 /* Podfile */,
				8BF09F341E64B7FF00A766B6 /* App_intro_webService */,
				8BF09F331E64B7FF00A766B6 /* Products */,
				76CEC8330291F8AFE3B8FEFB /* Pods */,
				DA74C2181AEC841AFC193498 /* Frameworks */,
			);
			sourceTree = "<group>";
		};
		8BF09F331E64B7FF00A766B6 /* Products */ = {
			isa = PBXGroup;
			children = (
				8BF09F321E64B7FF00A766B6 /* App_intro_webService.app */,
			);
			name = Products;
			sourceTree = "<group>";
		};
		8BF09F341E64B7FF00A766B6 /* App_intro_webService */ = {
			isa = PBXGroup;
			children = (
				8BF09F351E64B7FF00A766B6 /* AppDelegate.swift */,
				8BF09F521E64C8F800A766B6 /* API */,
				8BF09F471E64B91E00A766B6 /* PrimerWebServiceTableViewController.swift */,
				8BF09F511E64C8EC00A766B6 /* MODELS */,
				8BF09F391E64B7FF00A766B6 /* Main.storyboard */,
				8BF09F3C1E64B7FF00A766B6 /* Assets.xcassets */,
				8BF09F3E1E64B7FF00A766B6 /* LaunchScreen.storyboard */,
				8BF09F411E64B7FF00A766B6 /* Info.plist */,
			);
			path = App_intro_webService;
			sourceTree = "<group>";
		};
		8BF09F511E64C8EC00A766B6 /* MODELS */ = {
			isa = PBXGroup;
			children = (
				8BF09F491E64B96C00A766B6 /* WSPostModel.swift */,
			);
			name = MODELS;
			sourceTree = "<group>";
		};
		8BF09F521E64C8F800A766B6 /* API */ = {
			isa = PBXGroup;
			children = (
				8BF09F4B1E64BA8300A766B6 /* API_UTILS.swift */,
				8BF09F531E64C92F00A766B6 /* WSParserDataUno.swift */,
			);
			name = API;
			sourceTree = "<group>";
		};
		DA74C2181AEC841AFC193498 /* Frameworks */ = {
			isa = PBXGroup;
			children = (
				8BF09F4F1E64C8DA00A766B6 /* SwiftyJSON.framework */,
				A6496CBC9376F05210F54D92 /* Pods_App_intro_webService.framework */,
			);
			name = Frameworks;
			sourceTree = "<group>";
		};
/* End PBXGroup section */

/* Begin PBXNativeTarget section */
		8BF09F311E64B7FF00A766B6 /* App_intro_webService */ = {
			isa = PBXNativeTarget;
			buildConfigurationList = 8BF09F441E64B7FF00A766B6 /* Build configuration list for PBXNativeTarget "App_intro_webService" */;
			buildPhases = (
				A23BE4F36C45A50D92C68DAC /* [CP] Check Pods Manifest.lock */,
				8BF09F2E1E64B7FF00A766B6 /* Sources */,
				8BF09F2F1E64B7FF00A766B6 /* Frameworks */,
				8BF09F301E64B7FF00A766B6 /* Resources */,
				D549FCC484C1A23523D0306A /* [CP] Embed Pods Frameworks */,
				3D7909C38ED1683CA74249B5 /* [CP] Copy Pods Resources */,
			);
			buildRules = (
			);
			dependencies = (
			);
			name = App_intro_webService;
			productName = App_intro_webService;
			productReference = 8BF09F321E64B7FF00A766B6 /* App_intro_webService.app */;
			productType = "com.apple.product-type.application";
		};
/* End PBXNativeTarget section */

/* Begin PBXProject section */
		8BF09F2A1E64B7FF00A766B6 /* Project object */ = {
			isa = PBXProject;
			attributes = {
				LastSwiftUpdateCheck = 0820;
				LastUpgradeCheck = 0820;
				ORGANIZATIONNAME = formador;
				TargetAttributes = {
					8BF09F311E64B7FF00A766B6 = {
						CreatedOnToolsVersion = 8.2.1;
						DevelopmentTeam = NZ9BB45RRX;
						ProvisioningStyle = Automatic;
					};
				};
			};
			buildConfigurationList = 8BF09F2D1E64B7FF00A766B6 /* Build configuration list for PBXProject "App_intro_webService" */;
			compatibilityVersion = "Xcode 3.2";
			developmentRegion = English;
			hasScannedForEncodings = 0;
			knownRegions = (
				en,
				Base,
			);
			mainGroup = 8BF09F291E64B7FF00A766B6;
			productRefGroup = 8BF09F331E64B7FF00A766B6 /* Products */;
			projectDirPath = "";
			projectRoot = "";
			targets = (
				8BF09F311E64B7FF00A766B6 /* App_intro_webService */,
			);
		};
/* End PBXProject section */

/* Begin PBXResourcesBuildPhase section */
		8BF09F301E64B7FF00A766B6 /* Resources */ = {
			isa = PBXResourcesBuildPhase;
			buildActionMask = 2147483647;
			files = (
				8BF09F401E64B7FF00A766B6 /* LaunchScreen.storyboard in Resources */,
				8BF09F3D1E64B7FF00A766B6 /* Assets.xcassets in Resources */,
				8BF09F4E1E64BFE200A766B6 /* Podfile in Resources */,
				8BF09F3B1E64B7FF00A766B6 /* Main.storyboard in Resources */,
			);
			runOnlyForDeploymentPostprocessing = 0;
		};
/* End PBXResourcesBuildPhase section */

/* Begin PBXShellScriptBuildPhase section */
		3D7909C38ED1683CA74249B5 /* [CP] Copy Pods Resources */ = {
			isa = PBXShellScriptBuildPhase;
			buildActionMask = 2147483647;
			files = (
			);
			inputPaths = (
			);
			name = "[CP] Copy Pods Resources";
			outputPaths = (
			);
			runOnlyForDeploymentPostprocessing = 0;
			shellPath = /bin/sh;
			shellScript = "\"${SRCROOT}/Pods/Target Support Files/Pods-App_intro_webService/Pods-App_intro_webService-resources.sh\"\n";
			showEnvVarsInLog = 0;
		};
		A23BE4F36C45A50D92C68DAC /* [CP] Check Pods Manifest.lock */ = {
			isa = PBXShellScriptBuildPhase;
			buildActionMask = 2147483647;
			files = (
			);
			inputPaths = (
			);
			name = "[CP] Check Pods Manifest.lock";
			outputPaths = (
			);
			runOnlyForDeploymentPostprocessing = 0;
			shellPath = /bin/sh;
			shellScript = "diff \"${PODS_ROOT}/../Podfile.lock\" \"${PODS_ROOT}/Manifest.lock\" > /dev/null\nif [ $? != 0 ] ; then\n    # print error to STDERR\n    echo \"error: The sandbox is not in sync with the Podfile.lock. Run 'pod install' or update your CocoaPods installation.\" >&2\n    exit 1\nfi\n";
			showEnvVarsInLog = 0;
		};
		D549FCC484C1A23523D0306A /* [CP] Embed Pods Frameworks */ = {
			isa = PBXShellScriptBuildPhase;
			buildActionMask = 2147483647;
			files = (
			);
			inputPaths = (
			);
			name = "[CP] Embed Pods Frameworks";
			outputPaths = (
			);
			runOnlyForDeploymentPostprocessing = 0;
			shellPath = /bin/sh;
			shellScript = "\"${SRCROOT}/Pods/Target Support Files/Pods-App_intro_webService/Pods-App_intro_webService-frameworks.sh\"\n";
			showEnvVarsInLog = 0;
		};
/* End PBXShellScriptBuildPhase section */

/* Begin PBXSourcesBuildPhase section */
		8BF09F2E1E64B7FF00A766B6 /* Sources */ = {
			isa = PBXSourcesBuildPhase;
			buildActionMask = 2147483647;
			files = (
				8BF09F4C1E64BA8300A766B6 /* API_UTILS.swift in Sources */,
				8BF09F361E64B7FF00A766B6 /* AppDelegate.swift in Sources */,
				8BF09F481E64B91E00A766B6 /* PrimerWebServiceTableViewController.swift in Sources */,
				8BF09F4A1E64B96C00A766B6 /* WSPostModel.swift in Sources */,
				8BF09F541E64C92F00A766B6 /* WSParserDataUno.swift in Sources */,
			);
			runOnlyForDeploymentPostprocessing = 0;
		};
/* End PBXSourcesBuildPhase section */

/* Begin PBXVariantGroup section */
		8BF09F391E64B7FF00A766B6 /* Main.storyboard */ = {
			isa = PBXVariantGroup;
			children = (
				8BF09F3A1E64B7FF00A766B6 /* Base */,
			);
			name = Main.storyboard;
			sourceTree = "<group>";
		};
		8BF09F3E1E64B7FF00A766B6 /* LaunchScreen.storyboard */ = {
			isa = PBXVariantGroup;
			children = (
				8BF09F3F1E64B7FF00A766B6 /* Base */,
			);
			name = LaunchScreen.storyboard;
			sourceTree = "<group>";
		};
/* End PBXVariantGroup section */

/* Begin XCBuildConfiguration section */
		8BF09F421E64B7FF00A766B6 /* Debug */ = {
			isa = XCBuildConfiguration;
			buildSettings = {
				ALWAYS_SEARCH_USER_PATHS = NO;
				CLANG_ANALYZER_NONNULL = YES;
				CLANG_CXX_LANGUAGE_STANDARD = "gnu++0x";
				CLANG_CXX_LIBRARY = "libc++";
				CLANG_ENABLE_MODULES = YES;
				CLANG_ENABLE_OBJC_ARC = YES;
				CLANG_WARN_BOOL_CONVERSION = YES;
				CLANG_WARN_CONSTANT_CONVERSION = YES;
				CLANG_WARN_DIRECT_OBJC_ISA_USAGE = YES_ERROR;
				CLANG_WARN_DOCUMENTATION_COMMENTS = YES;
				CLANG_WARN_EMPTY_BODY = YES;
				CLANG_WARN_ENUM_CONVERSION = YES;
				CLANG_WARN_INFINITE_RECURSION = YES;
				CLANG_WARN_INT_CONVERSION = YES;
				CLANG_WARN_OBJC_ROOT_CLASS = YES_ERROR;
				CLANG_WARN_SUSPICIOUS_MOVE = YES;
				CLANG_WARN_UNREACHABLE_CODE = YES;
				CLANG_WARN__DUPLICATE_METHOD_MATCH = YES;
				"CODE_SIGN_IDENTITY[sdk=iphoneos*]" = "iPhone Developer";
				COPY_PHASE_STRIP = NO;
				DEBUG_INFORMATION_FORMAT = dwarf;
				ENABLE_STRICT_OBJC_MSGSEND = YES;
				ENABLE_TESTABILITY = YES;
				GCC_C_LANGUAGE_STANDARD = gnu99;
				GCC_DYNAMIC_NO_PIC = NO;
				GCC_NO_COMMON_BLOCKS = YES;
				GCC_OPTIMIZATION_LEVEL = 0;
				GCC_PREPROCESSOR_DEFINITIONS = (
					"DEBUG=1",
					"$(inherited)",
				);
				GCC_WARN_64_TO_32_BIT_CONVERSION = YES;
				GCC_WARN_ABOUT_RETURN_TYPE = YES_ERROR;
				GCC_WARN_UNDECLARED_SELECTOR = YES;
				GCC_WARN_UNINITIALIZED_AUTOS = YES_AGGRESSIVE;
				GCC_WARN_UNUSED_FUNCTION = YES;
				GCC_WARN_UNUSED_VARIABLE = YES;
				IPHONEOS_DEPLOYMENT_TARGET = 10.2;
				MTL_ENABLE_DEBUG_INFO = YES;
				ONLY_ACTIVE_ARCH = YES;
				SDKROOT = iphoneos;
				SWIFT_ACTIVE_COMPILATION_CONDITIONS = DEBUG;
				SWIFT_OPTIMIZATION_LEVEL = "-Onone";
			};
			name = Debug;
		};
		8BF09F431E64B7FF00A766B6 /* Release */ = {
			isa = XCBuildConfiguration;
			buildSettings = {
				ALWAYS_SEARCH_USER_PATHS = NO;
				CLANG_ANALYZER_NONNULL = YES;
				CLANG_CXX_LANGUAGE_STANDARD = "gnu++0x";
				CLANG_CXX_LIBRARY = "libc++";
				CLANG_ENABLE_MODULES = YES;
				CLANG_ENABLE_OBJC_ARC = YES;
				CLANG_WARN_BOOL_CONVERSION = YES;
				CLANG_WARN_CONSTANT_CONVERSION = YES;
				CLANG_WARN_DIRECT_OBJC_ISA_USAGE = YES_ERROR;
				CLANG_WARN_DOCUMENTATION_COMMENTS = YES;
				CLANG_WARN_EMPTY_BODY = YES;
				CLANG_WARN_ENUM_CONVERSION = YES;
				CLANG_WARN_INFINITE_RECURSION = YES;
				CLANG_WARN_INT_CONVERSION = YES;
				CLANG_WARN_OBJC_ROOT_CLASS = YES_ERROR;
				CLANG_WARN_SUSPICIOUS_MOVE = YES;
				CLANG_WARN_UNREACHABLE_CODE = YES;
				CLANG_WARN__DUPLICATE_METHOD_MATCH = YES;
				"CODE_SIGN_IDENTITY[sdk=iphoneos*]" = "iPhone Developer";
				COPY_PHASE_STRIP = NO;
				DEBUG_INFORMATION_FORMAT = "dwarf-with-dsym";
				ENABLE_NS_ASSERTIONS = NO;
				ENABLE_STRICT_OBJC_MSGSEND = YES;
				GCC_C_LANGUAGE_STANDARD = gnu99;
				GCC_NO_COMMON_BLOCKS = YES;
				GCC_WARN_64_TO_32_BIT_CONVERSION = YES;
				GCC_WARN_ABOUT_RETURN_TYPE = YES_ERROR;
				GCC_WARN_UNDECLARED_SELECTOR = YES;
				GCC_WARN_UNINITIALIZED_AUTOS = YES_AGGRESSIVE;
				GCC_WARN_UNUSED_FUNCTION = YES;
				GCC_WARN_UNUSED_VARIABLE = YES;
				IPHONEOS_DEPLOYMENT_TARGET = 10.2;
				MTL_ENABLE_DEBUG_INFO = NO;
				SDKROOT = iphoneos;
				SWIFT_OPTIMIZATION_LEVEL = "-Owholemodule";
				VALIDATE_PRODUCT = YES;
			};
			name = Release;
		};
		8BF09F451E64B7FF00A766B6 /* Debug */ = {
			isa = XCBuildConfiguration;
			baseConfigurationReference = C7BF535D5BB21854ABC200EF /* Pods-App_intro_webService.debug.xcconfig */;
			buildSettings = {
				ASSETCATALOG_COMPILER_APPICON_NAME = AppIcon;
				DEVELOPMENT_TEAM = NZ9BB45RRX;
				INFOPLIST_FILE = App_intro_webService/Info.plist;
				LD_RUNPATH_SEARCH_PATHS = "$(inherited) @executable_path/Frameworks";
				PRODUCT_BUNDLE_IDENTIFIER = "com.es.CICE.App-intro-webService";
				PRODUCT_NAME = "$(TARGET_NAME)";
				SWIFT_VERSION = 3.0;
			};
			name = Debug;
		};
		8BF09F461E64B7FF00A766B6 /* Release */ = {
			isa = XCBuildConfiguration;
			baseConfigurationReference = 58D3FDD9D60AE9D0CE91CCA4 /* Pods-App_intro_webService.release.xcconfig */;
			buildSettings = {
				ASSETCATALOG_COMPILER_APPICON_NAME = AppIcon;
				DEVELOPMENT_TEAM = NZ9BB45RRX;
				INFOPLIST_FILE = App_intro_webService/Info.plist;
				LD_RUNPATH_SEARCH_PATHS = "$(inherited) @executable_path/Frameworks";
				PRODUCT_BUNDLE_IDENTIFIER = "com.es.CICE.App-intro-webService";
				PRODUCT_NAME = "$(TARGET_NAME)";
				SWIFT_VERSION = 3.0;
			};
			name = Release;
		};
/* End XCBuildConfiguration section */

/* Begin XCConfigurationList section */
		8BF09F2D1E64B7FF00A766B6 /* Build configuration list for PBXProject "App_intro_webService" */ = {
			isa = XCConfigurationList;
			buildConfigurations = (
				8BF09F421E64B7FF00A766B6 /* Debug */,
				8BF09F431E64B7FF00A766B6 /* Release */,
			);
			defaultConfigurationIsVisible = 0;
			defaultConfigurationName = Release;
		};
		8BF09F441E64B7FF00A766B6 /* Build configuration list for PBXNativeTarget "App_intro_webService" */ = {
			isa = XCConfigurationList;
			buildConfigurations = (
				8BF09F451E64B7FF00A766B6 /* Debug */,
				8BF09F461E64B7FF00A766B6 /* Release */,
			);
			defaultConfigurationIsVisible = 0;
			defaultConfigurationName = Release;
		};
/* End XCConfigurationList section */
	};
	rootObject = 8BF09F2A1E64B7FF00A766B6 /* Project object */;
}
